
Microsoft Visual Studio Solution File, Format Version 12.00
# Visual Studio Version 16
VisualStudioVersion = 16.0.30114.105
MinimumVisualStudioVersion = 10.0.40219.1
Project("{9A19103F-16F7-4668-BE54-9A1E7A4F7556}") = "Ncode.Grocerly.Domain", "Ncode.Grocerly.Domain\Ncode.Grocerly.Domain.csproj", "{69817469-022B-49FA-84EC-F60A7EB5F07E}"
EndProject
Project("{9A19103F-16F7-4668-BE54-9A1E7A4F7556}") = "Ncode.Grocerly.Domain.Test", "..\Test\Ncode.Grocerly.Domain.Test\Ncode.Grocerly.Domain.Test.csproj", "{43236598-EE38-48A6-88E2-23F5D60DF42A}"
EndProject
Project("{2150E333-8FDC-42A3-9474-1A3956D46DE8}") = "Tests", "Tests", "{7BE395D9-F2F8-4F39-A183-BCE969647495}"
EndProject
Project("{9A19103F-16F7-4668-BE54-9A1E7A4F7556}") = "Ncode.Grocerly.Common", "Ncode.Grocerly.Common\Ncode.Grocerly.Common.csproj", "{883F4AD1-376C-4EBF-A0C3-8CE46E0E42E4}"
EndProject
Project("{9A19103F-16F7-4668-BE54-9A1E7A4F7556}") = "Ncode.Grocerly.Application", "Ncode.Grocerly.Application\Ncode.Grocerly.Application.csproj", "{DFBB5398-6B1A-412E-8B15-36BB697C68BF}"
EndProject
Project("{9A19103F-16F7-4668-BE54-9A1E7A4F7556}") = "Ncode.Grocerly.Infrastructure", "Ncode.Grocerly.Infrastructure\Ncode.Grocerly.Infrastructure.csproj", "{A000EBD5-3D7C-4520-9584-CD146A16AF34}"
EndProject
Project("{FAE04EC0-301F-11D3-BF4B-00C04F79EFBC}") = "Ncode.Grocerly.RestApi", "Ncode.Grocerly.RestApi\Ncode.Grocerly.RestApi.csproj", "{CCB3AA53-0AA2-4353-9AF4-F2D6F8CF7624}"
EndProject
Global
	GlobalSection(SolutionConfigurationPlatforms) = preSolution
		Debug|Any CPU = Debug|Any CPU
		Release|Any CPU = Release|Any CPU
	EndGlobalSection
	GlobalSection(ProjectConfigurationPlatforms) = postSolution
		{69817469-022B-49FA-84EC-F60A7EB5F07E}.Debug|Any CPU.ActiveCfg = Debug|Any CPU
		{69817469-022B-49FA-84EC-F60A7EB5F07E}.Debug|Any CPU.Build.0 = Debug|Any CPU
		{69817469-022B-49FA-84EC-F60A7EB5F07E}.Release|Any CPU.ActiveCfg = Release|Any CPU
		{69817469-022B-49FA-84EC-F60A7EB5F07E}.Release|Any CPU.Build.0 = Release|Any CPU
		{43236598-EE38-48A6-88E2-23F5D60DF42A}.Debug|Any CPU.ActiveCfg = Debug|Any CPU
		{43236598-EE38-48A6-88E2-23F5D60DF42A}.Debug|Any CPU.Build.0 = Debug|Any CPU
		{43236598-EE38-48A6-88E2-23F5D60DF42A}.Release|Any CPU.ActiveCfg = Release|Any CPU
		{43236598-EE38-48A6-88E2-23F5D60DF42A}.Release|Any CPU.Build.0 = Release|Any CPU
		{883F4AD1-376C-4EBF-A0C3-8CE46E0E42E4}.Debug|Any CPU.ActiveCfg = Debug|Any CPU
		{883F4AD1-376C-4EBF-A0C3-8CE46E0E42E4}.Debug|Any CPU.Build.0 = Debug|Any CPU
		{883F4AD1-376C-4EBF-A0C3-8CE46E0E42E4}.Release|Any CPU.ActiveCfg = Release|Any CPU
		{883F4AD1-376C-4EBF-A0C3-8CE46E0E42E4}.Release|Any CPU.Build.0 = Release|Any CPU
		{DFBB5398-6B1A-412E-8B15-36BB697C68BF}.Debug|Any CPU.ActiveCfg = Debug|Any CPU
		{DFBB5398-6B1A-412E-8B15-36BB697C68BF}.Debug|Any CPU.Build.0 = Debug|Any CPU
		{DFBB5398-6B1A-412E-8B15-36BB697C68BF}.Release|Any CPU.ActiveCfg = Release|Any CPU
		{DFBB5398-6B1A-412E-8B15-36BB697C68BF}.Release|Any CPU.Build.0 = Release|Any CPU
		{A000EBD5-3D7C-4520-9584-CD146A16AF34}.Debug|Any CPU.ActiveCfg = Debug|Any CPU
		{A000EBD5-3D7C-4520-9584-CD146A16AF34}.Debug|Any CPU.Build.0 = Debug|Any CPU
		{A000EBD5-3D7C-4520-9584-CD146A16AF34}.Release|Any CPU.ActiveCfg = Release|Any CPU
		{A000EBD5-3D7C-4520-9584-CD146A16AF34}.Release|Any CPU.Build.0 = Release|Any CPU
		{CCB3AA53-0AA2-4353-9AF4-F2D6F8CF7624}.Debug|Any CPU.ActiveCfg = Debug|Any CPU
		{CCB3AA53-0AA2-4353-9AF4-F2D6F8CF7624}.Debug|Any CPU.Build.0 = Debug|Any CPU
		{CCB3AA53-0AA2-4353-9AF4-F2D6F8CF7624}.Release|Any CPU.ActiveCfg = Release|Any CPU
		{CCB3AA53-0AA2-4353-9AF4-F2D6F8CF7624}.Release|Any CPU.Build.0 = Release|Any CPU
	EndGlobalSection
	GlobalSection(SolutionProperties) = preSolution
		HideSolutionNode = FALSE
	EndGlobalSection
	GlobalSection(NestedProjects) = preSolution
		{43236598-EE38-48A6-88E2-23F5D60DF42A} = {7BE395D9-F2F8-4F39-A183-BCE969647495}
	EndGlobalSection
	GlobalSection(ExtensibilityGlobals) = postSolution
		SolutionGuid = {C11E036E-CCCA-4C86-B515-114680933B6B}
	EndGlobalSection
EndGlobal
